// !$*UTF8*$!
{
	archiveVersion = 1;
	classes = {
	};
	objectVersion = 51;
	objects = {

/* Begin PBXBuildFile section */
		20F5324C6630E088FA60B4F3 /* Pods_Blackbook_BackendTests.framework in Frameworks */ = {isa = PBXBuildFile; fileRef = 91D0F84B9522A902AED8A656 /* Pods_Blackbook_BackendTests.framework */; };
		5355225A247704AE005C0BAC /* AppDelegate.swift in Sources */ = {isa = PBXBuildFile; fileRef = 53552259247704AE005C0BAC /* AppDelegate.swift */; };
		5355225C247704AE005C0BAC /* SceneDelegate.swift in Sources */ = {isa = PBXBuildFile; fileRef = 5355225B247704AE005C0BAC /* SceneDelegate.swift */; };
		5355225F247704AE005C0BAC /* Blackbook_Backend.xcdatamodeld in Sources */ = {isa = PBXBuildFile; fileRef = 5355225D247704AE005C0BAC /* Blackbook_Backend.xcdatamodeld */; };
		53552261247704AE005C0BAC /* ContentView.swift in Sources */ = {isa = PBXBuildFile; fileRef = 53552260247704AE005C0BAC /* ContentView.swift */; };
		53552263247704B7005C0BAC /* Assets.xcassets in Resources */ = {isa = PBXBuildFile; fileRef = 53552262247704B7005C0BAC /* Assets.xcassets */; };
		53552266247704B7005C0BAC /* Preview Assets.xcassets in Resources */ = {isa = PBXBuildFile; fileRef = 53552265247704B7005C0BAC /* Preview Assets.xcassets */; };
		53552269247704B7005C0BAC /* LaunchScreen.storyboard in Resources */ = {isa = PBXBuildFile; fileRef = 53552267247704B7005C0BAC /* LaunchScreen.storyboard */; };
		53552274247704B8005C0BAC /* Blackbook_BackendTests.swift in Sources */ = {isa = PBXBuildFile; fileRef = 53552273247704B8005C0BAC /* Blackbook_BackendTests.swift */; };
		5355227F247704B8005C0BAC /* Blackbook_BackendUITests.swift in Sources */ = {isa = PBXBuildFile; fileRef = 5355227E247704B8005C0BAC /* Blackbook_BackendUITests.swift */; };
		5355228D247713E4005C0BAC /* GoogleService-Info.plist in Resources */ = {isa = PBXBuildFile; fileRef = 5355228C247713E4005C0BAC /* GoogleService-Info.plist */; };
		5355228E247713E4005C0BAC /* GoogleService-Info.plist in Resources */ = {isa = PBXBuildFile; fileRef = 5355228C247713E4005C0BAC /* GoogleService-Info.plist */; };
		5355228F247713E4005C0BAC /* GoogleService-Info.plist in Resources */ = {isa = PBXBuildFile; fileRef = 5355228C247713E4005C0BAC /* GoogleService-Info.plist */; };
		53552291247726CF005C0BAC /* Home:Explore_page.storyboard in Resources */ = {isa = PBXBuildFile; fileRef = 53552290247726CF005C0BAC /* Home:Explore_page.storyboard */; };
		53552293247726E4005C0BAC /* Map Page.storyboard in Resources */ = {isa = PBXBuildFile; fileRef = 53552292247726E4005C0BAC /* Map Page.storyboard */; };
		53552295247726F7005C0BAC /* Calendar:Events Pages.storyboard in Resources */ = {isa = PBXBuildFile; fileRef = 53552294247726F7005C0BAC /* Calendar:Events Pages.storyboard */; };
		5355229724772708005C0BAC /* Profile Pages.storyboard in Resources */ = {isa = PBXBuildFile; fileRef = 5355229624772708005C0BAC /* Profile Pages.storyboard */; };
		9EF2A89F581413BC44E9A3A1 /* Pods_Blackbook_Backend.framework in Frameworks */ = {isa = PBXBuildFile; fileRef = 45B25E762F7A8AC5DBDB2DBB /* Pods_Blackbook_Backend.framework */; };
		C5872593F07B7A900A202BAA /* Pods_Blackbook_Backend_Blackbook_BackendUITests.framework in Frameworks */ = {isa = PBXBuildFile; fileRef = 3BC4AE632803344C5C11F489 /* Pods_Blackbook_Backend_Blackbook_BackendUITests.framework */; };
/* End PBXBuildFile section */

/* Begin PBXContainerItemProxy section */
		53552270247704B8005C0BAC /* PBXContainerItemProxy */ = {
			isa = PBXContainerItemProxy;
			containerPortal = 5355224E247704AE005C0BAC /* Project object */;
			proxyType = 1;
			remoteGlobalIDString = 53552255247704AE005C0BAC;
			remoteInfo = "Blackbook Backend";
		};
		5355227B247704B8005C0BAC /* PBXContainerItemProxy */ = {
			isa = PBXContainerItemProxy;
			containerPortal = 5355224E247704AE005C0BAC /* Project object */;
			proxyType = 1;
			remoteGlobalIDString = 53552255247704AE005C0BAC;
			remoteInfo = "Blackbook Backend";
		};
/* End PBXContainerItemProxy section */

/* Begin PBXFileReference section */
		118127A0EE096D85383C3304 /* Pods-Blackbook BackendTests.release.xcconfig */ = {isa = PBXFileReference; includeInIndex = 1; lastKnownFileType = text.xcconfig; name = "Pods-Blackbook BackendTests.release.xcconfig"; path = "Target Support Files/Pods-Blackbook BackendTests/Pods-Blackbook BackendTests.release.xcconfig"; sourceTree = "<group>"; };
		3BC4AE632803344C5C11F489 /* Pods_Blackbook_Backend_Blackbook_BackendUITests.framework */ = {isa = PBXFileReference; explicitFileType = wrapper.framework; includeInIndex = 0; path = Pods_Blackbook_Backend_Blackbook_BackendUITests.framework; sourceTree = BUILT_PRODUCTS_DIR; };
		3C6A4D763FFFC80C638A1773 /* Pods-Blackbook Backend-Blackbook BackendUITests.release.xcconfig */ = {isa = PBXFileReference; includeInIndex = 1; lastKnownFileType = text.xcconfig; name = "Pods-Blackbook Backend-Blackbook BackendUITests.release.xcconfig"; path = "Target Support Files/Pods-Blackbook Backend-Blackbook BackendUITests/Pods-Blackbook Backend-Blackbook BackendUITests.release.xcconfig"; sourceTree = "<group>"; };
		45B25E762F7A8AC5DBDB2DBB /* Pods_Blackbook_Backend.framework */ = {isa = PBXFileReference; explicitFileType = wrapper.framework; includeInIndex = 0; path = Pods_Blackbook_Backend.framework; sourceTree = BUILT_PRODUCTS_DIR; };
		53552256247704AE005C0BAC /* Blackbook Backend.app */ = {isa = PBXFileReference; explicitFileType = wrapper.application; includeInIndex = 0; path = "Blackbook Backend.app"; sourceTree = BUILT_PRODUCTS_DIR; };
		53552259247704AE005C0BAC /* AppDelegate.swift */ = {isa = PBXFileReference; lastKnownFileType = sourcecode.swift; path = AppDelegate.swift; sourceTree = "<group>"; };
		5355225B247704AE005C0BAC /* SceneDelegate.swift */ = {isa = PBXFileReference; lastKnownFileType = sourcecode.swift; path = SceneDelegate.swift; sourceTree = "<group>"; };
		5355225E247704AE005C0BAC /* Blackbook_Backend.xcdatamodel */ = {isa = PBXFileReference; lastKnownFileType = wrapper.xcdatamodel; path = Blackbook_Backend.xcdatamodel; sourceTree = "<group>"; };
		53552260247704AE005C0BAC /* ContentView.swift */ = {isa = PBXFileReference; lastKnownFileType = sourcecode.swift; path = ContentView.swift; sourceTree = "<group>"; };
		53552262247704B7005C0BAC /* Assets.xcassets */ = {isa = PBXFileReference; lastKnownFileType = folder.assetcatalog; path = Assets.xcassets; sourceTree = "<group>"; };
		53552265247704B7005C0BAC /* Preview Assets.xcassets */ = {isa = PBXFileReference; lastKnownFileType = folder.assetcatalog; path = "Preview Assets.xcassets"; sourceTree = "<group>"; };
		53552268247704B7005C0BAC /* Base */ = {isa = PBXFileReference; lastKnownFileType = file.storyboard; name = Base; path = Base.lproj/LaunchScreen.storyboard; sourceTree = "<group>"; };
		5355226A247704B7005C0BAC /* Info.plist */ = {isa = PBXFileReference; lastKnownFileType = text.plist.xml; path = Info.plist; sourceTree = "<group>"; };
		5355226F247704B8005C0BAC /* Blackbook BackendTests.xctest */ = {isa = PBXFileReference; explicitFileType = wrapper.cfbundle; includeInIndex = 0; path = "Blackbook BackendTests.xctest"; sourceTree = BUILT_PRODUCTS_DIR; };
		53552273247704B8005C0BAC /* Blackbook_BackendTests.swift */ = {isa = PBXFileReference; lastKnownFileType = sourcecode.swift; path = Blackbook_BackendTests.swift; sourceTree = "<group>"; };
		53552275247704B8005C0BAC /* Info.plist */ = {isa = PBXFileReference; lastKnownFileType = text.plist.xml; path = Info.plist; sourceTree = "<group>"; };
		5355227A247704B8005C0BAC /* Blackbook BackendUITests.xctest */ = {isa = PBXFileReference; explicitFileType = wrapper.cfbundle; includeInIndex = 0; path = "Blackbook BackendUITests.xctest"; sourceTree = BUILT_PRODUCTS_DIR; };
		5355227E247704B8005C0BAC /* Blackbook_BackendUITests.swift */ = {isa = PBXFileReference; lastKnownFileType = sourcecode.swift; path = Blackbook_BackendUITests.swift; sourceTree = "<group>"; };
		53552280247704B8005C0BAC /* Info.plist */ = {isa = PBXFileReference; lastKnownFileType = text.plist.xml; path = Info.plist; sourceTree = "<group>"; };
		5355228C247713E4005C0BAC /* GoogleService-Info.plist */ = {isa = PBXFileReference; fileEncoding = 4; lastKnownFileType = text.plist.xml; path = "GoogleService-Info.plist"; sourceTree = "<group>"; };
		53552290247726CF005C0BAC /* Home:Explore_page.storyboard */ = {isa = PBXFileReference; lastKnownFileType = file.storyboard; path = "Home:Explore_page.storyboard"; sourceTree = "<group>"; };
		53552292247726E4005C0BAC /* Map Page.storyboard */ = {isa = PBXFileReference; lastKnownFileType = file.storyboard; path = "Map Page.storyboard"; sourceTree = "<group>"; };
		53552294247726F7005C0BAC /* Calendar:Events Pages.storyboard */ = {isa = PBXFileReference; lastKnownFileType = file.storyboard; path = "Calendar:Events Pages.storyboard"; sourceTree = "<group>"; };
		5355229624772708005C0BAC /* Profile Pages.storyboard */ = {isa = PBXFileReference; lastKnownFileType = file.storyboard; path = "Profile Pages.storyboard"; sourceTree = "<group>"; };
		58D5AA822161E2C41A6DF581 /* Pods-Blackbook Backend-Blackbook BackendUITests.debug.xcconfig */ = {isa = PBXFileReference; includeInIndex = 1; lastKnownFileType = text.xcconfig; name = "Pods-Blackbook Backend-Blackbook BackendUITests.debug.xcconfig"; path = "Target Support Files/Pods-Blackbook Backend-Blackbook BackendUITests/Pods-Blackbook Backend-Blackbook BackendUITests.debug.xcconfig"; sourceTree = "<group>"; };
		910E91EA1F643B1AEC3DA52D /* Pods-Blackbook Backend.release.xcconfig */ = {isa = PBXFileReference; includeInIndex = 1; lastKnownFileType = text.xcconfig; name = "Pods-Blackbook Backend.release.xcconfig"; path = "Target Support Files/Pods-Blackbook Backend/Pods-Blackbook Backend.release.xcconfig"; sourceTree = "<group>"; };
		91D0F84B9522A902AED8A656 /* Pods_Blackbook_BackendTests.framework */ = {isa = PBXFileReference; explicitFileType = wrapper.framework; includeInIndex = 0; path = Pods_Blackbook_BackendTests.framework; sourceTree = BUILT_PRODUCTS_DIR; };
		ACD9D095F37405D688BF4E2E /* Pods-Blackbook Backend.debug.xcconfig */ = {isa = PBXFileReference; includeInIndex = 1; lastKnownFileType = text.xcconfig; name = "Pods-Blackbook Backend.debug.xcconfig"; path = "Target Support Files/Pods-Blackbook Backend/Pods-Blackbook Backend.debug.xcconfig"; sourceTree = "<group>"; };
		DADD50EB33B7439536D8753D /* Pods-Blackbook BackendTests.debug.xcconfig */ = {isa = PBXFileReference; includeInIndex = 1; lastKnownFileType = text.xcconfig; name = "Pods-Blackbook BackendTests.debug.xcconfig"; path = "Target Support Files/Pods-Blackbook BackendTests/Pods-Blackbook BackendTests.debug.xcconfig"; sourceTree = "<group>"; };
/* End PBXFileReference section */

/* Begin PBXFrameworksBuildPhase section */
		53552253247704AE005C0BAC /* Frameworks */ = {
			isa = PBXFrameworksBuildPhase;
			buildActionMask = 2147483647;
			files = (
				9EF2A89F581413BC44E9A3A1 /* Pods_Blackbook_Backend.framework in Frameworks */,
			);
			runOnlyForDeploymentPostprocessing = 0;
		};
		5355226C247704B8005C0BAC /* Frameworks */ = {
			isa = PBXFrameworksBuildPhase;
			buildActionMask = 2147483647;
			files = (
				20F5324C6630E088FA60B4F3 /* Pods_Blackbook_BackendTests.framework in Frameworks */,
			);
			runOnlyForDeploymentPostprocessing = 0;
		};
		53552277247704B8005C0BAC /* Frameworks */ = {
			isa = PBXFrameworksBuildPhase;
			buildActionMask = 2147483647;
			files = (
				C5872593F07B7A900A202BAA /* Pods_Blackbook_Backend_Blackbook_BackendUITests.framework in Frameworks */,
			);
			runOnlyForDeploymentPostprocessing = 0;
		};
/* End PBXFrameworksBuildPhase section */

/* Begin PBXGroup section */
		424896522ACCB63491F10B42 /* Frameworks */ = {
			isa = PBXGroup;
			children = (
				45B25E762F7A8AC5DBDB2DBB /* Pods_Blackbook_Backend.framework */,
				3BC4AE632803344C5C11F489 /* Pods_Blackbook_Backend_Blackbook_BackendUITests.framework */,
				91D0F84B9522A902AED8A656 /* Pods_Blackbook_BackendTests.framework */,
			);
			name = Frameworks;
			sourceTree = "<group>";
		};
		5355224D247704AE005C0BAC = {
			isa = PBXGroup;
			children = (
				53552258247704AE005C0BAC /* Blackbook Backend */,
				53552272247704B8005C0BAC /* Blackbook BackendTests */,
				5355227D247704B8005C0BAC /* Blackbook BackendUITests */,
				53552257247704AE005C0BAC /* Products */,
				F858F1FB8E55E292684C3ED2 /* Pods */,
				424896522ACCB63491F10B42 /* Frameworks */,
			);
			sourceTree = "<group>";
		};
		53552257247704AE005C0BAC /* Products */ = {
			isa = PBXGroup;
			children = (
				53552256247704AE005C0BAC /* Blackbook Backend.app */,
				5355226F247704B8005C0BAC /* Blackbook BackendTests.xctest */,
				5355227A247704B8005C0BAC /* Blackbook BackendUITests.xctest */,
			);
			name = Products;
			sourceTree = "<group>";
		};
		53552258247704AE005C0BAC /* Blackbook Backend */ = {
			isa = PBXGroup;
			children = (
				53552259247704AE005C0BAC /* AppDelegate.swift */,
				5355225B247704AE005C0BAC /* SceneDelegate.swift */,
				53552260247704AE005C0BAC /* ContentView.swift */,
				53552262247704B7005C0BAC /* Assets.xcassets */,
				53552267247704B7005C0BAC /* LaunchScreen.storyboard */,
				5355228C247713E4005C0BAC /* GoogleService-Info.plist */,
				5355226A247704B7005C0BAC /* Info.plist */,
				5355225D247704AE005C0BAC /* Blackbook_Backend.xcdatamodeld */,
				53552264247704B7005C0BAC /* Preview Content */,
				535522982477272E005C0BAC /* Blackbook UI Pages */,
			);
			path = "Blackbook Backend";
			sourceTree = "<group>";
		};
		53552264247704B7005C0BAC /* Preview Content */ = {
			isa = PBXGroup;
			children = (
				53552265247704B7005C0BAC /* Preview Assets.xcassets */,
			);
			path = "Preview Content";
			sourceTree = "<group>";
		};
		53552272247704B8005C0BAC /* Blackbook BackendTests */ = {
			isa = PBXGroup;
			children = (
				53552273247704B8005C0BAC /* Blackbook_BackendTests.swift */,
				53552275247704B8005C0BAC /* Info.plist */,
			);
			path = "Blackbook BackendTests";
			sourceTree = "<group>";
		};
		5355227D247704B8005C0BAC /* Blackbook BackendUITests */ = {
			isa = PBXGroup;
			children = (
				5355227E247704B8005C0BAC /* Blackbook_BackendUITests.swift */,
				53552280247704B8005C0BAC /* Info.plist */,
			);
			path = "Blackbook BackendUITests";
			sourceTree = "<group>";
		};
		535522982477272E005C0BAC /* Blackbook UI Pages */ = {
			isa = PBXGroup;
			children = (
				53552294247726F7005C0BAC /* Calendar:Events Pages.storyboard */,
				5355229624772708005C0BAC /* Profile Pages.storyboard */,
				53552292247726E4005C0BAC /* Map Page.storyboard */,
				53552290247726CF005C0BAC /* Home:Explore_page.storyboard */,
			);
			path = "Blackbook UI Pages";
			sourceTree = "<group>";
		};
		F858F1FB8E55E292684C3ED2 /* Pods */ = {
			isa = PBXGroup;
			children = (
				ACD9D095F37405D688BF4E2E /* Pods-Blackbook Backend.debug.xcconfig */,
				910E91EA1F643B1AEC3DA52D /* Pods-Blackbook Backend.release.xcconfig */,
				58D5AA822161E2C41A6DF581 /* Pods-Blackbook Backend-Blackbook BackendUITests.debug.xcconfig */,
				3C6A4D763FFFC80C638A1773 /* Pods-Blackbook Backend-Blackbook BackendUITests.release.xcconfig */,
				DADD50EB33B7439536D8753D /* Pods-Blackbook BackendTests.debug.xcconfig */,
				118127A0EE096D85383C3304 /* Pods-Blackbook BackendTests.release.xcconfig */,
			);
			path = Pods;
			sourceTree = "<group>";
		};
/* End PBXGroup section */

/* Begin PBXNativeTarget section */
		53552255247704AE005C0BAC /* Blackbook Backend */ = {
			isa = PBXNativeTarget;
			buildConfigurationList = 53552283247704B8005C0BAC /* Build configuration list for PBXNativeTarget "Blackbook Backend" */;
			buildPhases = (
				A412BFDB57E3DBDCDDBFEB74 /* [CP] Check Pods Manifest.lock */,
				53552252247704AE005C0BAC /* Sources */,
				53552253247704AE005C0BAC /* Frameworks */,
				53552254247704AE005C0BAC /* Resources */,
				5924C7A40F5DCCCE7337EB6C /* [CP] Embed Pods Frameworks */,
				9051EBEBB40BF5F8DB2DF4DD /* [CP] Copy Pods Resources */,
			);
			buildRules = (
			);
			dependencies = (
			);
			name = "Blackbook Backend";
			productName = "Blackbook Backend";
			productReference = 53552256247704AE005C0BAC /* Blackbook Backend.app */;
			productType = "com.apple.product-type.application";
		};
		5355226E247704B8005C0BAC /* Blackbook BackendTests */ = {
			isa = PBXNativeTarget;
			buildConfigurationList = 53552286247704B8005C0BAC /* Build configuration list for PBXNativeTarget "Blackbook BackendTests" */;
			buildPhases = (
				40541247BDB8F6C75BE230DB /* [CP] Check Pods Manifest.lock */,
				5355226B247704B8005C0BAC /* Sources */,
				5355226C247704B8005C0BAC /* Frameworks */,
				5355226D247704B8005C0BAC /* Resources */,
			);
			buildRules = (
			);
			dependencies = (
				53552271247704B8005C0BAC /* PBXTargetDependency */,
			);
			name = "Blackbook BackendTests";
			productName = "Blackbook BackendTests";
			productReference = 5355226F247704B8005C0BAC /* Blackbook BackendTests.xctest */;
			productType = "com.apple.product-type.bundle.unit-test";
		};
		53552279247704B8005C0BAC /* Blackbook BackendUITests */ = {
			isa = PBXNativeTarget;
			buildConfigurationList = 53552289247704B8005C0BAC /* Build configuration list for PBXNativeTarget "Blackbook BackendUITests" */;
			buildPhases = (
				77B4CCDE03A15324FC19D1D1 /* [CP] Check Pods Manifest.lock */,
				53552276247704B8005C0BAC /* Sources */,
				53552277247704B8005C0BAC /* Frameworks */,
				53552278247704B8005C0BAC /* Resources */,
				81709A3C1E5943BDC13A411E /* [CP] Embed Pods Frameworks */,
				5CA98E3FD501712BB9EFF8E8 /* [CP] Copy Pods Resources */,
			);
			buildRules = (
			);
			dependencies = (
				5355227C247704B8005C0BAC /* PBXTargetDependency */,
			);
			name = "Blackbook BackendUITests";
			productName = "Blackbook BackendUITests";
			productReference = 5355227A247704B8005C0BAC /* Blackbook BackendUITests.xctest */;
			productType = "com.apple.product-type.bundle.ui-testing";
		};
/* End PBXNativeTarget section */

/* Begin PBXProject section */
		5355224E247704AE005C0BAC /* Project object */ = {
			isa = PBXProject;
			attributes = {
				LastSwiftUpdateCheck = 1130;
				LastUpgradeCheck = 1130;
				ORGANIZATIONNAME = Blackbook;
				TargetAttributes = {
					53552255247704AE005C0BAC = {
						CreatedOnToolsVersion = 11.3;
					};
					5355226E247704B8005C0BAC = {
						CreatedOnToolsVersion = 11.3;
						TestTargetID = 53552255247704AE005C0BAC;
					};
					53552279247704B8005C0BAC = {
						CreatedOnToolsVersion = 11.3;
						TestTargetID = 53552255247704AE005C0BAC;
					};
				};
			};
			buildConfigurationList = 53552251247704AE005C0BAC /* Build configuration list for PBXProject "Blackbook Backend" */;
			compatibilityVersion = "Xcode 9.3";
			developmentRegion = en;
			hasScannedForEncodings = 0;
			knownRegions = (
				en,
				Base,
			);
			mainGroup = 5355224D247704AE005C0BAC;
			productRefGroup = 53552257247704AE005C0BAC /* Products */;
			projectDirPath = "";
			projectRoot = "";
			targets = (
				53552255247704AE005C0BAC /* Blackbook Backend */,
				5355226E247704B8005C0BAC /* Blackbook BackendTests */,
				53552279247704B8005C0BAC /* Blackbook BackendUITests */,
			);
		};
/* End PBXProject section */

/* Begin PBXResourcesBuildPhase section */
		53552254247704AE005C0BAC /* Resources */ = {
			isa = PBXResourcesBuildPhase;
			buildActionMask = 2147483647;
			files = (
				5355229724772708005C0BAC /* Profile Pages.storyboard in Resources */,
				53552269247704B7005C0BAC /* LaunchScreen.storyboard in Resources */,
				53552293247726E4005C0BAC /* Map Page.storyboard in Resources */,
				5355228D247713E4005C0BAC /* GoogleService-Info.plist in Resources */,
				53552266247704B7005C0BAC /* Preview Assets.xcassets in Resources */,
				53552263247704B7005C0BAC /* Assets.xcassets in Resources */,
				53552295247726F7005C0BAC /* Calendar:Events Pages.storyboard in Resources */,
				53552291247726CF005C0BAC /* Home:Explore_page.storyboard in Resources */,
			);
			runOnlyForDeploymentPostprocessing = 0;
		};
		5355226D247704B8005C0BAC /* Resources */ = {
			isa = PBXResourcesBuildPhase;
			buildActionMask = 2147483647;
			files = (
				5355228E247713E4005C0BAC /* GoogleService-Info.plist in Resources */,
			);
			runOnlyForDeploymentPostprocessing = 0;
		};
		53552278247704B8005C0BAC /* Resources */ = {
			isa = PBXResourcesBuildPhase;
			buildActionMask = 2147483647;
			files = (
				5355228F247713E4005C0BAC /* GoogleService-Info.plist in Resources */,
			);
			runOnlyForDeploymentPostprocessing = 0;
		};
/* End PBXResourcesBuildPhase section */

/* Begin PBXShellScriptBuildPhase section */
		40541247BDB8F6C75BE230DB /* [CP] Check Pods Manifest.lock */ = {
			isa = PBXShellScriptBuildPhase;
			buildActionMask = 2147483647;
			files = (
			);
			inputFileListPaths = (
			);
			inputPaths = (
				"${PODS_PODFILE_DIR_PATH}/Podfile.lock",
				"${PODS_ROOT}/Manifest.lock",
			);
			name = "[CP] Check Pods Manifest.lock";
			outputFileListPaths = (
			);
			outputPaths = (
				"$(DERIVED_FILE_DIR)/Pods-Blackbook BackendTests-checkManifestLockResult.txt",
			);
			runOnlyForDeploymentPostprocessing = 0;
			shellPath = /bin/sh;
			shellScript = "diff \"${PODS_PODFILE_DIR_PATH}/Podfile.lock\" \"${PODS_ROOT}/Manifest.lock\" > /dev/null\nif [ $? != 0 ] ; then\n    # print error to STDERR\n    echo \"error: The sandbox is not in sync with the Podfile.lock. Run 'pod install' or update your CocoaPods installation.\" >&2\n    exit 1\nfi\n# This output is used by Xcode 'outputs' to avoid re-running this script phase.\necho \"SUCCESS\" > \"${SCRIPT_OUTPUT_FILE_0}\"\n";
			showEnvVarsInLog = 0;
		};
		5924C7A40F5DCCCE7337EB6C /* [CP] Embed Pods Frameworks */ = {
			isa = PBXShellScriptBuildPhase;
			buildActionMask = 2147483647;
			files = (
			);
			inputFileListPaths = (
				"${PODS_ROOT}/Target Support Files/Pods-Blackbook Backend/Pods-Blackbook Backend-frameworks-${CONFIGURATION}-input-files.xcfilelist",
			);
			name = "[CP] Embed Pods Frameworks";
			outputFileListPaths = (
				"${PODS_ROOT}/Target Support Files/Pods-Blackbook Backend/Pods-Blackbook Backend-frameworks-${CONFIGURATION}-output-files.xcfilelist",
			);
			runOnlyForDeploymentPostprocessing = 0;
			shellPath = /bin/sh;
			shellScript = "\"${PODS_ROOT}/Target Support Files/Pods-Blackbook Backend/Pods-Blackbook Backend-frameworks.sh\"\n";
			showEnvVarsInLog = 0;
		};
		5CA98E3FD501712BB9EFF8E8 /* [CP] Copy Pods Resources */ = {
			isa = PBXShellScriptBuildPhase;
			buildActionMask = 2147483647;
			files = (
			);
			inputFileListPaths = (
				"${PODS_ROOT}/Target Support Files/Pods-Blackbook Backend-Blackbook BackendUITests/Pods-Blackbook Backend-Blackbook BackendUITests-resources-${CONFIGURATION}-input-files.xcfilelist",
			);
			name = "[CP] Copy Pods Resources";
			outputFileListPaths = (
				"${PODS_ROOT}/Target Support Files/Pods-Blackbook Backend-Blackbook BackendUITests/Pods-Blackbook Backend-Blackbook BackendUITests-resources-${CONFIGURATION}-output-files.xcfilelist",
			);
			runOnlyForDeploymentPostprocessing = 0;
			shellPath = /bin/sh;
			shellScript = "\"${PODS_ROOT}/Target Support Files/Pods-Blackbook Backend-Blackbook BackendUITests/Pods-Blackbook Backend-Blackbook BackendUITests-resources.sh\"\n";
			showEnvVarsInLog = 0;
		};
		77B4CCDE03A15324FC19D1D1 /* [CP] Check Pods Manifest.lock */ = {
			isa = PBXShellScriptBuildPhase;
			buildActionMask = 2147483647;
			files = (
			);
			inputFileListPaths = (
			);
			inputPaths = (
				"${PODS_PODFILE_DIR_PATH}/Podfile.lock",
				"${PODS_ROOT}/Manifest.lock",
			);
			name = "[CP] Check Pods Manifest.lock";
			outputFileListPaths = (
			);
			outputPaths = (
				"$(DERIVED_FILE_DIR)/Pods-Blackbook Backend-Blackbook BackendUITests-checkManifestLockResult.txt",
			);
			runOnlyForDeploymentPostprocessing = 0;
			shellPath = /bin/sh;
			shellScript = "diff \"${PODS_PODFILE_DIR_PATH}/Podfile.lock\" \"${PODS_ROOT}/Manifest.lock\" > /dev/null\nif [ $? != 0 ] ; then\n    # print error to STDERR\n    echo \"error: The sandbox is not in sync with the Podfile.lock. Run 'pod install' or update your CocoaPods installation.\" >&2\n    exit 1\nfi\n# This output is used by Xcode 'outputs' to avoid re-running this script phase.\necho \"SUCCESS\" > \"${SCRIPT_OUTPUT_FILE_0}\"\n";
			showEnvVarsInLog = 0;
		};
		81709A3C1E5943BDC13A411E /* [CP] Embed Pods Frameworks */ = {
			isa = PBXShellScriptBuildPhase;
			buildActionMask = 2147483647;
			files = (
			);
			inputFileListPaths = (
				"${PODS_ROOT}/Target Support Files/Pods-Blackbook Backend-Blackbook BackendUITests/Pods-Blackbook Backend-Blackbook BackendUITests-frameworks-${CONFIGURATION}-input-files.xcfilelist",
			);
			name = "[CP] Embed Pods Frameworks";
			outputFileListPaths = (
				"${PODS_ROOT}/Target Support Files/Pods-Blackbook Backend-Blackbook BackendUITests/Pods-Blackbook Backend-Blackbook BackendUITests-frameworks-${CONFIGURATION}-output-files.xcfilelist",
			);
			runOnlyForDeploymentPostprocessing = 0;
			shellPath = /bin/sh;
			shellScript = "\"${PODS_ROOT}/Target Support Files/Pods-Blackbook Backend-Blackbook BackendUITests/Pods-Blackbook Backend-Blackbook BackendUITests-frameworks.sh\"\n";
			showEnvVarsInLog = 0;
		};
		9051EBEBB40BF5F8DB2DF4DD /* [CP] Copy Pods Resources */ = {
			isa = PBXShellScriptBuildPhase;
			buildActionMask = 2147483647;
			files = (
			);
			inputFileListPaths = (
				"${PODS_ROOT}/Target Support Files/Pods-Blackbook Backend/Pods-Blackbook Backend-resources-${CONFIGURATION}-input-files.xcfilelist",
			);
			name = "[CP] Copy Pods Resources";
			outputFileListPaths = (
				"${PODS_ROOT}/Target Support Files/Pods-Blackbook Backend/Pods-Blackbook Backend-resources-${CONFIGURATION}-output-files.xcfilelist",
			);
			runOnlyForDeploymentPostprocessing = 0;
			shellPath = /bin/sh;
			shellScript = "\"${PODS_ROOT}/Target Support Files/Pods-Blackbook Backend/Pods-Blackbook Backend-resources.sh\"\n";
			showEnvVarsInLog = 0;
		};
		A412BFDB57E3DBDCDDBFEB74 /* [CP] Check Pods Manifest.lock */ = {
			isa = PBXShellScriptBuildPhase;
			buildActionMask = 2147483647;
			files = (
			);
			inputFileListPaths = (
			);
			inputPaths = (
				"${PODS_PODFILE_DIR_PATH}/Podfile.lock",
				"${PODS_ROOT}/Manifest.lock",
			);
			name = "[CP] Check Pods Manifest.lock";
			outputFileListPaths = (
			);
			outputPaths = (
				"$(DERIVED_FILE_DIR)/Pods-Blackbook Backend-checkManifestLockResult.txt",
			);
			runOnlyForDeploymentPostprocessing = 0;
			shellPath = /bin/sh;
			shellScript = "diff \"${PODS_PODFILE_DIR_PATH}/Podfile.lock\" \"${PODS_ROOT}/Manifest.lock\" > /dev/null\nif [ $? != 0 ] ; then\n    # print error to STDERR\n    echo \"error: The sandbox is not in sync with the Podfile.lock. Run 'pod install' or update your CocoaPods installation.\" >&2\n    exit 1\nfi\n# This output is used by Xcode 'outputs' to avoid re-running this script phase.\necho \"SUCCESS\" > \"${SCRIPT_OUTPUT_FILE_0}\"\n";
			showEnvVarsInLog = 0;
		};
/* End PBXShellScriptBuildPhase section */

/* Begin PBXSourcesBuildPhase section */
		53552252247704AE005C0BAC /* Sources */ = {
			isa = PBXSourcesBuildPhase;
			buildActionMask = 2147483647;
			files = (
				5355225A247704AE005C0BAC /* AppDelegate.swift in Sources */,
				5355225C247704AE005C0BAC /* SceneDelegate.swift in Sources */,
				53552261247704AE005C0BAC /* ContentView.swift in Sources */,
				5355225F247704AE005C0BAC /* Blackbook_Backend.xcdatamodeld in Sources */,
			);
			runOnlyForDeploymentPostprocessing = 0;
		};
		5355226B247704B8005C0BAC /* Sources */ = {
			isa = PBXSourcesBuildPhase;
			buildActionMask = 2147483647;
			files = (
				53552274247704B8005C0BAC /* Blackbook_BackendTests.swift in Sources */,
			);
			runOnlyForDeploymentPostprocessing = 0;
		};
		53552276247704B8005C0BAC /* Sources */ = {
			isa = PBXSourcesBuildPhase;
			buildActionMask = 2147483647;
			files = (
				5355227F247704B8005C0BAC /* Blackbook_BackendUITests.swift in Sources */,
			);
			runOnlyForDeploymentPostprocessing = 0;
		};
/* End PBXSourcesBuildPhase section */

/* Begin PBXTargetDependency section */
		53552271247704B8005C0BAC /* PBXTargetDependency */ = {
			isa = PBXTargetDependency;
			target = 53552255247704AE005C0BAC /* Blackbook Backend */;
			targetProxy = 53552270247704B8005C0BAC /* PBXContainerItemProxy */;
		};
		5355227C247704B8005C0BAC /* PBXTargetDependency */ = {
			isa = PBXTargetDependency;
			target = 53552255247704AE005C0BAC /* Blackbook Backend */;
			targetProxy = 5355227B247704B8005C0BAC /* PBXContainerItemProxy */;
		};
/* End PBXTargetDependency section */

/* Begin PBXVariantGroup section */
		53552267247704B7005C0BAC /* LaunchScreen.storyboard */ = {
			isa = PBXVariantGroup;
			children = (
				53552268247704B7005C0BAC /* Base */,
			);
			name = LaunchScreen.storyboard;
			sourceTree = "<group>";
		};
/* End PBXVariantGroup section */

/* Begin XCBuildConfiguration section */
		53552281247704B8005C0BAC /* Debug */ = {
			isa = XCBuildConfiguration;
			buildSettings = {
				ALWAYS_SEARCH_USER_PATHS = NO;
				CLANG_ANALYZER_NONNULL = YES;
				CLANG_ANALYZER_NUMBER_OBJECT_CONVERSION = YES_AGGRESSIVE;
				CLANG_CXX_LANGUAGE_STANDARD = "gnu++14";
				CLANG_CXX_LIBRARY = "libc++";
				CLANG_ENABLE_MODULES = YES;
				CLANG_ENABLE_OBJC_ARC = YES;
				CLANG_ENABLE_OBJC_WEAK = YES;
				CLANG_WARN_BLOCK_CAPTURE_AUTORELEASING = YES;
				CLANG_WARN_BOOL_CONVERSION = YES;
				CLANG_WARN_COMMA = YES;
				CLANG_WARN_CONSTANT_CONVERSION = YES;
				CLANG_WARN_DEPRECATED_OBJC_IMPLEMENTATIONS = YES;
				CLANG_WARN_DIRECT_OBJC_ISA_USAGE = YES_ERROR;
				CLANG_WARN_DOCUMENTATION_COMMENTS = YES;
				CLANG_WARN_EMPTY_BODY = YES;
				CLANG_WARN_ENUM_CONVERSION = YES;
				CLANG_WARN_INFINITE_RECURSION = YES;
				CLANG_WARN_INT_CONVERSION = YES;
				CLANG_WARN_NON_LITERAL_NULL_CONVERSION = YES;
				CLANG_WARN_OBJC_IMPLICIT_RETAIN_SELF = YES;
				CLANG_WARN_OBJC_LITERAL_CONVERSION = YES;
				CLANG_WARN_OBJC_ROOT_CLASS = YES_ERROR;
				CLANG_WARN_RANGE_LOOP_ANALYSIS = YES;
				CLANG_WARN_STRICT_PROTOTYPES = YES;
				CLANG_WARN_SUSPICIOUS_MOVE = YES;
				CLANG_WARN_UNGUARDED_AVAILABILITY = YES_AGGRESSIVE;
				CLANG_WARN_UNREACHABLE_CODE = YES;
				CLANG_WARN__DUPLICATE_METHOD_MATCH = YES;
				COPY_PHASE_STRIP = NO;
				DEBUG_INFORMATION_FORMAT = dwarf;
				ENABLE_STRICT_OBJC_MSGSEND = YES;
				ENABLE_TESTABILITY = YES;
				GCC_C_LANGUAGE_STANDARD = gnu11;
				GCC_DYNAMIC_NO_PIC = NO;
				GCC_NO_COMMON_BLOCKS = YES;
				GCC_OPTIMIZATION_LEVEL = 0;
				GCC_PREPROCESSOR_DEFINITIONS = (
					"DEBUG=1",
					"$(inherited)",
				);
				GCC_WARN_64_TO_32_BIT_CONVERSION = YES;
				GCC_WARN_ABOUT_RETURN_TYPE = YES_ERROR;
				GCC_WARN_UNDECLARED_SELECTOR = YES;
				GCC_WARN_UNINITIALIZED_AUTOS = YES_AGGRESSIVE;
				GCC_WARN_UNUSED_FUNCTION = YES;
				GCC_WARN_UNUSED_VARIABLE = YES;
				IPHONEOS_DEPLOYMENT_TARGET = 13.2;
				MTL_ENABLE_DEBUG_INFO = INCLUDE_SOURCE;
				MTL_FAST_MATH = YES;
				ONLY_ACTIVE_ARCH = YES;
				SDKROOT = iphoneos;
				SWIFT_ACTIVE_COMPILATION_CONDITIONS = DEBUG;
				SWIFT_OPTIMIZATION_LEVEL = "-Onone";
			};
			name = Debug;
		};
		53552282247704B8005C0BAC /* Release */ = {
			isa = XCBuildConfiguration;
			buildSettings = {
				ALWAYS_SEARCH_USER_PATHS = NO;
				CLANG_ANALYZER_NONNULL = YES;
				CLANG_ANALYZER_NUMBER_OBJECT_CONVERSION = YES_AGGRESSIVE;
				CLANG_CXX_LANGUAGE_STANDARD = "gnu++14";
				CLANG_CXX_LIBRARY = "libc++";
				CLANG_ENABLE_MODULES = YES;
				CLANG_ENABLE_OBJC_ARC = YES;
				CLANG_ENABLE_OBJC_WEAK = YES;
				CLANG_WARN_BLOCK_CAPTURE_AUTORELEASING = YES;
				CLANG_WARN_BOOL_CONVERSION = YES;
				CLANG_WARN_COMMA = YES;
				CLANG_WARN_CONSTANT_CONVERSION = YES;
				CLANG_WARN_DEPRECATED_OBJC_IMPLEMENTATIONS = YES;
				CLANG_WARN_DIRECT_OBJC_ISA_USAGE = YES_ERROR;
				CLANG_WARN_DOCUMENTATION_COMMENTS = YES;
				CLANG_WARN_EMPTY_BODY = YES;
				CLANG_WARN_ENUM_CONVERSION = YES;
				CLANG_WARN_INFINITE_RECURSION = YES;
				CLANG_WARN_INT_CONVERSION = YES;
				CLANG_WARN_NON_LITERAL_NULL_CONVERSION = YES;
				CLANG_WARN_OBJC_IMPLICIT_RETAIN_SELF = YES;
				CLANG_WARN_OBJC_LITERAL_CONVERSION = YES;
				CLANG_WARN_OBJC_ROOT_CLASS = YES_ERROR;
				CLANG_WARN_RANGE_LOOP_ANALYSIS = YES;
				CLANG_WARN_STRICT_PROTOTYPES = YES;
				CLANG_WARN_SUSPICIOUS_MOVE = YES;
				CLANG_WARN_UNGUARDED_AVAILABILITY = YES_AGGRESSIVE;
				CLANG_WARN_UNREACHABLE_CODE = YES;
				CLANG_WARN__DUPLICATE_METHOD_MATCH = YES;
				COPY_PHASE_STRIP = NO;
				DEBUG_INFORMATION_FORMAT = "dwarf-with-dsym";
				ENABLE_NS_ASSERTIONS = NO;
				ENABLE_STRICT_OBJC_MSGSEND = YES;
				GCC_C_LANGUAGE_STANDARD = gnu11;
				GCC_NO_COMMON_BLOCKS = YES;
				GCC_WARN_64_TO_32_BIT_CONVERSION = YES;
				GCC_WARN_ABOUT_RETURN_TYPE = YES_ERROR;
				GCC_WARN_UNDECLARED_SELECTOR = YES;
				GCC_WARN_UNINITIALIZED_AUTOS = YES_AGGRESSIVE;
				GCC_WARN_UNUSED_FUNCTION = YES;
				GCC_WARN_UNUSED_VARIABLE = YES;
				IPHONEOS_DEPLOYMENT_TARGET = 13.2;
				MTL_ENABLE_DEBUG_INFO = NO;
				MTL_FAST_MATH = YES;
				SDKROOT = iphoneos;
				SWIFT_COMPILATION_MODE = wholemodule;
				SWIFT_OPTIMIZATION_LEVEL = "-O";
				VALIDATE_PRODUCT = YES;
			};
			name = Release;
		};
		53552284247704B8005C0BAC /* Debug */ = {
			isa = XCBuildConfiguration;
			baseConfigurationReference = ACD9D095F37405D688BF4E2E /* Pods-Blackbook Backend.debug.xcconfig */;
			buildSettings = {
				ASSETCATALOG_COMPILER_APPICON_NAME = AppIcon;
				CODE_SIGN_STYLE = Automatic;
				DEVELOPMENT_ASSET_PATHS = "\"Blackbook Backend/Preview Content\"";
				ENABLE_PREVIEWS = YES;
				INFOPLIST_FILE = "Blackbook Backend/Info.plist";
				LD_RUNPATH_SEARCH_PATHS = (
					"$(inherited)",
					"@executable_path/Frameworks",
				);
				PRODUCT_BUNDLE_IDENTIFIER = "Blackbook-Backend.Blackbook-Backend";
				PRODUCT_NAME = "$(TARGET_NAME)";
				SWIFT_VERSION = 5.0;
				TARGETED_DEVICE_FAMILY = "1,2";
			};
			name = Debug;
		};
		53552285247704B8005C0BAC /* Release */ = {
			isa = XCBuildConfiguration;
			baseConfigurationReference = 910E91EA1F643B1AEC3DA52D /* Pods-Blackbook Backend.release.xcconfig */;
			buildSettings = {
				ASSETCATALOG_COMPILER_APPICON_NAME = AppIcon;
				CODE_SIGN_STYLE = Automatic;
				DEVELOPMENT_ASSET_PATHS = "\"Blackbook Backend/Preview Content\"";
				ENABLE_PREVIEWS = YES;
				INFOPLIST_FILE = "Blackbook Backend/Info.plist";
				LD_RUNPATH_SEARCH_PATHS = (
					"$(inherited)",
					"@executable_path/Frameworks",
				);
				PRODUCT_BUNDLE_IDENTIFIER = "Blackbook-Backend.Blackbook-Backend";
				PRODUCT_NAME = "$(TARGET_NAME)";
				SWIFT_VERSION = 5.0;
				TARGETED_DEVICE_FAMILY = "1,2";
			};
			name = Release;
		};
		53552287247704B8005C0BAC /* Debug */ = {
			isa = XCBuildConfiguration;
			baseConfigurationReference = DADD50EB33B7439536D8753D /* Pods-Blackbook BackendTests.debug.xcconfig */;
			buildSettings = {
				ALWAYS_EMBED_SWIFT_STANDARD_LIBRARIES = YES;
				BUNDLE_LOADER = "$(TEST_HOST)";
				CODE_SIGN_STYLE = Automatic;
				INFOPLIST_FILE = "Blackbook BackendTests/Info.plist";
				IPHONEOS_DEPLOYMENT_TARGET = 13.2;
				LD_RUNPATH_SEARCH_PATHS = (
					"$(inherited)",
					"@executable_path/Frameworks",
					"@loader_path/Frameworks",
				);
				PRODUCT_BUNDLE_IDENTIFIER = "Blackbook-Backend.Blackbook-BackendTests";
				PRODUCT_NAME = "$(TARGET_NAME)";
				SWIFT_VERSION = 5.0;
				TARGETED_DEVICE_FAMILY = "1,2";
				TEST_HOST = "$(BUILT_PRODUCTS_DIR)/Blackbook Backend.app/Blackbook Backend";
			};
			name = Debug;
		};
		53552288247704B8005C0BAC /* Release */ = {
			isa = XCBuildConfiguration;
			baseConfigurationReference = 118127A0EE096D85383C3304 /* Pods-Blackbook BackendTests.release.xcconfig */;
			buildSettings = {
				ALWAYS_EMBED_SWIFT_STANDARD_LIBRARIES = YES;
				BUNDLE_LOADER = "$(TEST_HOST)";
				CODE_SIGN_STYLE = Automatic;
				INFOPLIST_FILE = "Blackbook BackendTests/Info.plist";
				IPHONEOS_DEPLOYMENT_TARGET = 13.2;
				LD_RUNPATH_SEARCH_PATHS = (
					"$(inherited)",
					"@executable_path/Frameworks",
					"@loader_path/Frameworks",
				);
				PRODUCT_BUNDLE_IDENTIFIER = "Blackbook-Backend.Blackbook-BackendTests";
				PRODUCT_NAME = "$(TARGET_NAME)";
				SWIFT_VERSION = 5.0;
				TARGETED_DEVICE_FAMILY = "1,2";
				TEST_HOST = "$(BUILT_PRODUCTS_DIR)/Blackbook Backend.app/Blackbook Backend";
			};
			name = Release;
		};
		5355228A247704B8005C0BAC /* Debug */ = {
			isa = XCBuildConfiguration;
			baseConfigurationReference = 58D5AA822161E2C41A6DF581 /* Pods-Blackbook Backend-Blackbook BackendUITests.debug.xcconfig */;
			buildSettings = {
				ALWAYS_EMBED_SWIFT_STANDARD_LIBRARIES = YES;
				CODE_SIGN_STYLE = Automatic;
				INFOPLIST_FILE = "Blackbook BackendUITests/Info.plist";
				LD_RUNPATH_SEARCH_PATHS = (
					"$(inherited)",
					"@executable_path/Frameworks",
					"@loader_path/Frameworks",
				);
				PRODUCT_BUNDLE_IDENTIFIER = "Blackbook-Backend.Blackbook-BackendUITests";
				PRODUCT_NAME = "$(TARGET_NAME)";
				SWIFT_VERSION = 5.0;
				TARGETED_DEVICE_FAMILY = "1,2";
				TEST_TARGET_NAME = "Blackbook Backend";
			};
			name = Debug;
		};
		5355228B247704B8005C0BAC /* Release */ = {
			isa = XCBuildConfiguration;
			baseConfigurationReference = 3C6A4D763FFFC80C638A1773 /* Pods-Blackbook Backend-Blackbook BackendUITests.release.xcconfig */;
			buildSettings = {
				ALWAYS_EMBED_SWIFT_STANDARD_LIBRARIES = YES;
				CODE_SIGN_STYLE = Automatic;
				INFOPLIST_FILE = "Blackbook BackendUITests/Info.plist";
				LD_RUNPATH_SEARCH_PATHS = (
					"$(inherited)",
					"@executable_path/Frameworks",
					"@loader_path/Frameworks",
				);
				PRODUCT_BUNDLE_IDENTIFIER = "Blackbook-Backend.Blackbook-BackendUITests";
				PRODUCT_NAME = "$(TARGET_NAME)";
				SWIFT_VERSION = 5.0;
				TARGETED_DEVICE_FAMILY = "1,2";
				TEST_TARGET_NAME = "Blackbook Backend";
			};
			name = Release;
		};
/* End XCBuildConfiguration section */

/* Begin XCConfigurationList section */
		53552251247704AE005C0BAC /* Build configuration list for PBXProject "Blackbook Backend" */ = {
			isa = XCConfigurationList;
			buildConfigurations = (
				53552281247704B8005C0BAC /* Debug */,
				53552282247704B8005C0BAC /* Release */,
			);
			defaultConfigurationIsVisible = 0;
			defaultConfigurationName = Release;
		};
		53552283247704B8005C0BAC /* Build configuration list for PBXNativeTarget "Blackbook Backend" */ = {
			isa = XCConfigurationList;
			buildConfigurations = (
				53552284247704B8005C0BAC /* Debug */,
				53552285247704B8005C0BAC /* Release */,
			);
			defaultConfigurationIsVisible = 0;
			defaultConfigurationName = Release;
		};
		53552286247704B8005C0BAC /* Build configuration list for PBXNativeTarget "Blackbook BackendTests" */ = {
			isa = XCConfigurationList;
			buildConfigurations = (
				53552287247704B8005C0BAC /* Debug */,
				53552288247704B8005C0BAC /* Release */,
			);
			defaultConfigurationIsVisible = 0;
			defaultConfigurationName = Release;
		};
		53552289247704B8005C0BAC /* Build configuration list for PBXNativeTarget "Blackbook BackendUITests" */ = {
			isa = XCConfigurationList;
			buildConfigurations = (
				5355228A247704B8005C0BAC /* Debug */,
				5355228B247704B8005C0BAC /* Release */,
			);
			defaultConfigurationIsVisible = 0;
			defaultConfigurationName = Release;
		};
/* End XCConfigurationList section */

/* Begin XCVersionGroup section */
		5355225D247704AE005C0BAC /* Blackbook_Backend.xcdatamodeld */ = {
			isa = XCVersionGroup;
			children = (
				5355225E247704AE005C0BAC /* Blackbook_Backend.xcdatamodel */,
			);
			currentVersion = 5355225E247704AE005C0BAC /* Blackbook_Backend.xcdatamodel */;
			path = Blackbook_Backend.xcdatamodeld;
			sourceTree = "<group>";
			versionGroupType = wrapper.xcdatamodel;
		};
/* End XCVersionGroup section */
	};
	rootObject = 5355224E247704AE005C0BAC /* Project object */;
}
